
Microsoft Visual Studio Solution File, Format Version 11.00
# Visual Studio 2010
Project("{FAE04EC0-301F-11D3-BF4B-00C04F79EFBC}") = "Greed", "Greed.csproj", "{AC8C41CC-1196-4DD8-8A71-4AE714CE2107}"
EndProject
Project("{FAE04EC0-301F-11D3-BF4B-00C04F79EFBC}") = "Greed_Test", "..\..\test\Greed_Test\Greed_Test.csproj", "{F73256FC-2266-4814-A783-55B0137A66E1}"
EndProject
Global
	GlobalSection(SolutionConfigurationPlatforms) = preSolution
		Debug|Any CPU = Debug|Any CPU
		Release|Any CPU = Release|Any CPU
	EndGlobalSection
	GlobalSection(ProjectConfigurationPlatforms) = postSolution
		{AC8C41CC-1196-4DD8-8A71-4AE714CE2107}.Debug|Any CPU.ActiveCfg = Debug|Any CPU
		{AC8C41CC-1196-4DD8-8A71-4AE714CE2107}.Debug|Any CPU.Build.0 = Debug|Any CPU
		{AC8C41CC-1196-4DD8-8A71-4AE714CE2107}.Release|Any CPU.ActiveCfg = Release|Any CPU
		{AC8C41CC-1196-4DD8-8A71-4AE714CE2107}.Release|Any CPU.Build.0 = Release|Any CPU
		{F73256FC-2266-4814-A783-55B0137A66E1}.Debug|Any CPU.ActiveCfg = Debug|Any CPU
		{F73256FC-2266-4814-A783-55B0137A66E1}.Debug|Any CPU.Build.0 = Debug|Any CPU
		{F73256FC-2266-4814-A783-55B0137A66E1}.Release|Any CPU.ActiveCfg = Release|Any CPU
		{F73256FC-2266-4814-A783-55B0137A66E1}.Release|Any CPU.Build.0 = Release|Any CPU
	EndGlobalSection
	GlobalSection(SolutionProperties) = preSolution
		HideSolutionNode = FALSE
	EndGlobalSection
EndGlobal
